
Microsoft Visual Studio Solution File, Format Version 12.00
# Visual Studio Version 17
VisualStudioVersion = 17.0.31903.59
MinimumVisualStudioVersion = 10.0.40219.1
Project("{2150E333-8FDC-42A3-9474-1A3956D46DE8}") = "src", "src", "{827E0CD3-B72D-47B6-A68D-7590B98EB39B}"
EndProject
Project("{FAE04EC0-301F-11D3-BF4B-00C04F79EFBC}") = "UserManagement.API", "src\UserManagement.API\UserManagement.API.csproj", "{57A469C2-6CEE-457E-8BB8-5A593379FE3E}"
EndProject
Project("{FAE04EC0-301F-11D3-BF4B-00C04F79EFBC}") = "UserManagement.Application", "src\UserManagement.Application\UserManagement.Application.csproj", "{86EDB9F2-7135-4741-B694-CA5CC8C0E1FF}"
EndProject
Project("{FAE04EC0-301F-11D3-BF4B-00C04F79EFBC}") = "UserManagement.Domain", "src\UserManagement.Domain\UserManagement.Domain.csproj", "{714CF287-7574-433D-AEE6-568FAD36C3C5}"
EndProject
Project("{FAE04EC0-301F-11D3-BF4B-00C04F79EFBC}") = "UserManagement.Infrastructure", "src\UserManagement.Infrastructure\UserManagement.Infrastructure.csproj", "{F5C7198C-588F-463A-B2B9-036ECC94B92C}"
EndProject
Project("{FAE04EC0-301F-11D3-BF4B-00C04F79EFBC}") = "UserManagement.Persistence", "src\UserManagement.Persistence\UserManagement.Persistence.csproj", "{5A3C0E5F-0E95-4726-B852-D082306D1240}"
EndProject
Project("{FAE04EC0-301F-11D3-BF4B-00C04F79EFBC}") = "UserManagement.Shared", "src\UserManagement.Shared\UserManagement.Shared.csproj", "{531B2C8F-7376-465E-9FB7-331EAFB563C2}"
EndProject
Project("{2150E333-8FDC-42A3-9474-1A3956D46DE8}") = "tests", "tests", "{0AB3BF05-4346-4AA6-1389-037BE0695223}"
EndProject
Project("{FAE04EC0-301F-11D3-BF4B-00C04F79EFBC}") = "UserManagement.Tests.Unit", "tests\UserManagement.Tests.Unit\UserManagement.Tests.Unit.csproj", "{FC3C73D7-4689-4B7B-820A-5B9FAE4C7217}"
EndProject
Project("{FAE04EC0-301F-11D3-BF4B-00C04F79EFBC}") = "UserManagement.Tests.Integration", "tests\UserManagement.Tests.Integration\UserManagement.Tests.Integration.csproj", "{E974B197-F982-4D20-AC80-52A034FB4F7E}"
EndProject
Global
	GlobalSection(SolutionConfigurationPlatforms) = preSolution
		Debug|Any CPU = Debug|Any CPU
		Debug|x64 = Debug|x64
		Debug|x86 = Debug|x86
		Release|Any CPU = Release|Any CPU
		Release|x64 = Release|x64
		Release|x86 = Release|x86
	EndGlobalSection
	GlobalSection(ProjectConfigurationPlatforms) = postSolution
		{57A469C2-6CEE-457E-8BB8-5A593379FE3E}.Debug|Any CPU.ActiveCfg = Debug|Any CPU
		{57A469C2-6CEE-457E-8BB8-5A593379FE3E}.Debug|Any CPU.Build.0 = Debug|Any CPU
		{57A469C2-6CEE-457E-8BB8-5A593379FE3E}.Debug|x64.ActiveCfg = Debug|Any CPU
		{57A469C2-6CEE-457E-8BB8-5A593379FE3E}.Debug|x64.Build.0 = Debug|Any CPU
		{57A469C2-6CEE-457E-8BB8-5A593379FE3E}.Debug|x86.ActiveCfg = Debug|Any CPU
		{57A469C2-6CEE-457E-8BB8-5A593379FE3E}.Debug|x86.Build.0 = Debug|Any CPU
		{57A469C2-6CEE-457E-8BB8-5A593379FE3E}.Release|Any CPU.ActiveCfg = Release|Any CPU
		{57A469C2-6CEE-457E-8BB8-5A593379FE3E}.Release|Any CPU.Build.0 = Release|Any CPU
		{57A469C2-6CEE-457E-8BB8-5A593379FE3E}.Release|x64.ActiveCfg = Release|Any CPU
		{57A469C2-6CEE-457E-8BB8-5A593379FE3E}.Release|x64.Build.0 = Release|Any CPU
		{57A469C2-6CEE-457E-8BB8-5A593379FE3E}.Release|x86.ActiveCfg = Release|Any CPU
		{57A469C2-6CEE-457E-8BB8-5A593379FE3E}.Release|x86.Build.0 = Release|Any CPU
		{86EDB9F2-7135-4741-B694-CA5CC8C0E1FF}.Debug|Any CPU.ActiveCfg = Debug|Any CPU
		{86EDB9F2-7135-4741-B694-CA5CC8C0E1FF}.Debug|Any CPU.Build.0 = Debug|Any CPU
		{86EDB9F2-7135-4741-B694-CA5CC8C0E1FF}.Debug|x64.ActiveCfg = Debug|Any CPU
		{86EDB9F2-7135-4741-B694-CA5CC8C0E1FF}.Debug|x64.Build.0 = Debug|Any CPU
		{86EDB9F2-7135-4741-B694-CA5CC8C0E1FF}.Debug|x86.ActiveCfg = Debug|Any CPU
		{86EDB9F2-7135-4741-B694-CA5CC8C0E1FF}.Debug|x86.Build.0 = Debug|Any CPU
		{86EDB9F2-7135-4741-B694-CA5CC8C0E1FF}.Release|Any CPU.ActiveCfg = Release|Any CPU
		{86EDB9F2-7135-4741-B694-CA5CC8C0E1FF}.Release|Any CPU.Build.0 = Release|Any CPU
		{86EDB9F2-7135-4741-B694-CA5CC8C0E1FF}.Release|x64.ActiveCfg = Release|Any CPU
		{86EDB9F2-7135-4741-B694-CA5CC8C0E1FF}.Release|x64.Build.0 = Release|Any CPU
		{86EDB9F2-7135-4741-B694-CA5CC8C0E1FF}.Release|x86.ActiveCfg = Release|Any CPU
		{86EDB9F2-7135-4741-B694-CA5CC8C0E1FF}.Release|x86.Build.0 = Release|Any CPU
		{714CF287-7574-433D-AEE6-568FAD36C3C5}.Debug|Any CPU.ActiveCfg = Debug|Any CPU
		{714CF287-7574-433D-AEE6-568FAD36C3C5}.Debug|Any CPU.Build.0 = Debug|Any CPU
		{714CF287-7574-433D-AEE6-568FAD36C3C5}.Debug|x64.ActiveCfg = Debug|Any CPU
		{714CF287-7574-433D-AEE6-568FAD36C3C5}.Debug|x64.Build.0 = Debug|Any CPU
		{714CF287-7574-433D-AEE6-568FAD36C3C5}.Debug|x86.ActiveCfg = Debug|Any CPU
		{714CF287-7574-433D-AEE6-568FAD36C3C5}.Debug|x86.Build.0 = Debug|Any CPU
		{714CF287-7574-433D-AEE6-568FAD36C3C5}.Release|Any CPU.ActiveCfg = Release|Any CPU
		{714CF287-7574-433D-AEE6-568FAD36C3C5}.Release|Any CPU.Build.0 = Release|Any CPU
		{714CF287-7574-433D-AEE6-568FAD36C3C5}.Release|x64.ActiveCfg = Release|Any CPU
		{714CF287-7574-433D-AEE6-568FAD36C3C5}.Release|x64.Build.0 = Release|Any CPU
		{714CF287-7574-433D-AEE6-568FAD36C3C5}.Release|x86.ActiveCfg = Release|Any CPU
		{714CF287-7574-433D-AEE6-568FAD36C3C5}.Release|x86.Build.0 = Release|Any CPU
		{F5C7198C-588F-463A-B2B9-036ECC94B92C}.Debug|Any CPU.ActiveCfg = Debug|Any CPU
		{F5C7198C-588F-463A-B2B9-036ECC94B92C}.Debug|Any CPU.Build.0 = Debug|Any CPU
		{F5C7198C-588F-463A-B2B9-036ECC94B92C}.Debug|x64.ActiveCfg = Debug|Any CPU
		{F5C7198C-588F-463A-B2B9-036ECC94B92C}.Debug|x64.Build.0 = Debug|Any CPU
		{F5C7198C-588F-463A-B2B9-036ECC94B92C}.Debug|x86.ActiveCfg = Debug|Any CPU
		{F5C7198C-588F-463A-B2B9-036ECC94B92C}.Debug|x86.Build.0 = Debug|Any CPU
		{F5C7198C-588F-463A-B2B9-036ECC94B92C}.Release|Any CPU.ActiveCfg = Release|Any CPU
		{F5C7198C-588F-463A-B2B9-036ECC94B92C}.Release|Any CPU.Build.0 = Release|Any CPU
		{F5C7198C-588F-463A-B2B9-036ECC94B92C}.Release|x64.ActiveCfg = Release|Any CPU
		{F5C7198C-588F-463A-B2B9-036ECC94B92C}.Release|x64.Build.0 = Release|Any CPU
		{F5C7198C-588F-463A-B2B9-036ECC94B92C}.Release|x86.ActiveCfg = Release|Any CPU
		{F5C7198C-588F-463A-B2B9-036ECC94B92C}.Release|x86.Build.0 = Release|Any CPU
		{5A3C0E5F-0E95-4726-B852-D082306D1240}.Debug|Any CPU.ActiveCfg = Debug|Any CPU
		{5A3C0E5F-0E95-4726-B852-D082306D1240}.Debug|Any CPU.Build.0 = Debug|Any CPU
		{5A3C0E5F-0E95-4726-B852-D082306D1240}.Debug|x64.ActiveCfg = Debug|Any CPU
		{5A3C0E5F-0E95-4726-B852-D082306D1240}.Debug|x64.Build.0 = Debug|Any CPU
		{5A3C0E5F-0E95-4726-B852-D082306D1240}.Debug|x86.ActiveCfg = Debug|Any CPU
		{5A3C0E5F-0E95-4726-B852-D082306D1240}.Debug|x86.Build.0 = Debug|Any CPU
		{5A3C0E5F-0E95-4726-B852-D082306D1240}.Release|Any CPU.ActiveCfg = Release|Any CPU
		{5A3C0E5F-0E95-4726-B852-D082306D1240}.Release|Any CPU.Build.0 = Release|Any CPU
		{5A3C0E5F-0E95-4726-B852-D082306D1240}.Release|x64.ActiveCfg = Release|Any CPU
		{5A3C0E5F-0E95-4726-B852-D082306D1240}.Release|x64.Build.0 = Release|Any CPU
		{5A3C0E5F-0E95-4726-B852-D082306D1240}.Release|x86.ActiveCfg = Release|Any CPU
		{5A3C0E5F-0E95-4726-B852-D082306D1240}.Release|x86.Build.0 = Release|Any CPU
		{531B2C8F-7376-465E-9FB7-331EAFB563C2}.Debug|Any CPU.ActiveCfg = Debug|Any CPU
		{531B2C8F-7376-465E-9FB7-331EAFB563C2}.Debug|Any CPU.Build.0 = Debug|Any CPU
		{531B2C8F-7376-465E-9FB7-331EAFB563C2}.Debug|x64.ActiveCfg = Debug|Any CPU
		{531B2C8F-7376-465E-9FB7-331EAFB563C2}.Debug|x64.Build.0 = Debug|Any CPU
		{531B2C8F-7376-465E-9FB7-331EAFB563C2}.Debug|x86.ActiveCfg = Debug|Any CPU
		{531B2C8F-7376-465E-9FB7-331EAFB563C2}.Debug|x86.Build.0 = Debug|Any CPU
		{531B2C8F-7376-465E-9FB7-331EAFB563C2}.Release|Any CPU.ActiveCfg = Release|Any CPU
		{531B2C8F-7376-465E-9FB7-331EAFB563C2}.Release|Any CPU.Build.0 = Release|Any CPU
		{531B2C8F-7376-465E-9FB7-331EAFB563C2}.Release|x64.ActiveCfg = Release|Any CPU
		{531B2C8F-7376-465E-9FB7-331EAFB563C2}.Release|x64.Build.0 = Release|Any CPU
		{531B2C8F-7376-465E-9FB7-331EAFB563C2}.Release|x86.ActiveCfg = Release|Any CPU
		{531B2C8F-7376-465E-9FB7-331EAFB563C2}.Release|x86.Build.0 = Release|Any CPU
		{FC3C73D7-4689-4B7B-820A-5B9FAE4C7217}.Debug|Any CPU.ActiveCfg = Debug|Any CPU
		{FC3C73D7-4689-4B7B-820A-5B9FAE4C7217}.Debug|Any CPU.Build.0 = Debug|Any CPU
		{FC3C73D7-4689-4B7B-820A-5B9FAE4C7217}.Debug|x64.ActiveCfg = Debug|Any CPU
		{FC3C73D7-4689-4B7B-820A-5B9FAE4C7217}.Debug|x64.Build.0 = Debug|Any CPU
		{FC3C73D7-4689-4B7B-820A-5B9FAE4C7217}.Debug|x86.ActiveCfg = Debug|Any CPU
		{FC3C73D7-4689-4B7B-820A-5B9FAE4C7217}.Debug|x86.Build.0 = Debug|Any CPU
		{FC3C73D7-4689-4B7B-820A-5B9FAE4C7217}.Release|Any CPU.ActiveCfg = Release|Any CPU
		{FC3C73D7-4689-4B7B-820A-5B9FAE4C7217}.Release|Any CPU.Build.0 = Release|Any CPU
		{FC3C73D7-4689-4B7B-820A-5B9FAE4C7217}.Release|x64.ActiveCfg = Release|Any CPU
		{FC3C73D7-4689-4B7B-820A-5B9FAE4C7217}.Release|x64.Build.0 = Release|Any CPU
		{FC3C73D7-4689-4B7B-820A-5B9FAE4C7217}.Release|x86.ActiveCfg = Release|Any CPU
		{FC3C73D7-4689-4B7B-820A-5B9FAE4C7217}.Release|x86.Build.0 = Release|Any CPU
		{E974B197-F982-4D20-AC80-52A034FB4F7E}.Debug|Any CPU.ActiveCfg = Debug|Any CPU
		{E974B197-F982-4D20-AC80-52A034FB4F7E}.Debug|Any CPU.Build.0 = Debug|Any CPU
		{E974B197-F982-4D20-AC80-52A034FB4F7E}.Debug|x64.ActiveCfg = Debug|Any CPU
		{E974B197-F982-4D20-AC80-52A034FB4F7E}.Debug|x64.Build.0 = Debug|Any CPU
		{E974B197-F982-4D20-AC80-52A034FB4F7E}.Debug|x86.ActiveCfg = Debug|Any CPU
		{E974B197-F982-4D20-AC80-52A034FB4F7E}.Debug|x86.Build.0 = Debug|Any CPU
		{E974B197-F982-4D20-AC80-52A034FB4F7E}.Release|Any CPU.ActiveCfg = Release|Any CPU
		{E974B197-F982-4D20-AC80-52A034FB4F7E}.Release|Any CPU.Build.0 = Release|Any CPU
		{E974B197-F982-4D20-AC80-52A034FB4F7E}.Release|x64.ActiveCfg = Release|Any CPU
		{E974B197-F982-4D20-AC80-52A034FB4F7E}.Release|x64.Build.0 = Release|Any CPU
		{E974B197-F982-4D20-AC80-52A034FB4F7E}.Release|x86.ActiveCfg = Release|Any CPU
		{E974B197-F982-4D20-AC80-52A034FB4F7E}.Release|x86.Build.0 = Release|Any CPU
	EndGlobalSection
	GlobalSection(SolutionProperties) = preSolution
		HideSolutionNode = FALSE
	EndGlobalSection
	GlobalSection(NestedProjects) = preSolution
		{57A469C2-6CEE-457E-8BB8-5A593379FE3E} = {827E0CD3-B72D-47B6-A68D-7590B98EB39B}
		{86EDB9F2-7135-4741-B694-CA5CC8C0E1FF} = {827E0CD3-B72D-47B6-A68D-7590B98EB39B}
		{714CF287-7574-433D-AEE6-568FAD36C3C5} = {827E0CD3-B72D-47B6-A68D-7590B98EB39B}
		{F5C7198C-588F-463A-B2B9-036ECC94B92C} = {827E0CD3-B72D-47B6-A68D-7590B98EB39B}
		{5A3C0E5F-0E95-4726-B852-D082306D1240} = {827E0CD3-B72D-47B6-A68D-7590B98EB39B}
		{531B2C8F-7376-465E-9FB7-331EAFB563C2} = {827E0CD3-B72D-47B6-A68D-7590B98EB39B}
		{FC3C73D7-4689-4B7B-820A-5B9FAE4C7217} = {0AB3BF05-4346-4AA6-1389-037BE0695223}
		{E974B197-F982-4D20-AC80-52A034FB4F7E} = {0AB3BF05-4346-4AA6-1389-037BE0695223}
	EndGlobalSection
EndGlobal
